
Microsoft Visual Studio Solution File, Format Version 12.00
# Visual Studio Version 17
VisualStudioVersion = 17.2.32616.157
MinimumVisualStudioVersion = 10.0.40219.1
Project("{FAE04EC0-301F-11D3-BF4B-00C04F79EFBC}") = "LoginAndShowDataTask2", "LoginAndShowDataTask2\LoginAndShowDataTask2.csproj", "{716363FE-D23A-4046-B73D-CC9501989A6F}"
EndProject
Global
	GlobalSection(SolutionConfigurationPlatforms) = preSolution
		Debug|Any CPU = Debug|Any CPU
		Release|Any CPU = Release|Any CPU
	EndGlobalSection
	GlobalSection(ProjectConfigurationPlatforms) = postSolution
		{716363FE-D23A-4046-B73D-CC9501989A6F}.Debug|Any CPU.ActiveCfg = Debug|Any CPU
		{716363FE-D23A-4046-B73D-CC9501989A6F}.Debug|Any CPU.Build.0 = Debug|Any CPU
		{716363FE-D23A-4046-B73D-CC9501989A6F}.Release|Any CPU.ActiveCfg = Release|Any CPU
		{716363FE-D23A-4046-B73D-CC9501989A6F}.Release|Any CPU.Build.0 = Release|Any CPU
	EndGlobalSection
	GlobalSection(SolutionProperties) = preSolution
		HideSolutionNode = FALSE
	EndGlobalSection
	GlobalSection(ExtensibilityGlobals) = postSolution
		SolutionGuid = {DE874B43-EF79-4F6E-B4FA-E71B6E35A76C}
	EndGlobalSection
EndGlobal
